// !$*UTF8*$!
{
	archiveVersion = 1;
	classes = {
	};
	objectVersion = 46;
	objects = {

/* Begin PBXBuildFile section */
		FA24BB3C1ADF183A00719682 /* main.m in Sources */ = {isa = PBXBuildFile; fileRef = FA24BB3B1ADF183A00719682 /* main.m */; };
		FA24BB3F1ADF183A00719682 /* AppDelegate.m in Sources */ = {isa = PBXBuildFile; fileRef = FA24BB3E1ADF183A00719682 /* AppDelegate.m */; };
		FA24BB421ADF183A00719682 /* ViewController.m in Sources */ = {isa = PBXBuildFile; fileRef = FA24BB411ADF183A00719682 /* ViewController.m */; };
		FA24BB451ADF183A00719682 /* Main.storyboard in Resources */ = {isa = PBXBuildFile; fileRef = FA24BB431ADF183A00719682 /* Main.storyboard */; };
		FA24BB471ADF183A00719682 /* Images.xcassets in Resources */ = {isa = PBXBuildFile; fileRef = FA24BB461ADF183A00719682 /* Images.xcassets */; };
		FA24BB4A1ADF183A00719682 /* LaunchScreen.xib in Resources */ = {isa = PBXBuildFile; fileRef = FA24BB481ADF183A00719682 /* LaunchScreen.xib */; };
		FA24BB561ADF183A00719682 /* Soundfonts_DemoTests.m in Sources */ = {isa = PBXBuildFile; fileRef = FA24BB551ADF183A00719682 /* Soundfonts_DemoTests.m */; };
/* End PBXBuildFile section */

/* Begin PBXContainerItemProxy section */
		FA24BB501ADF183A00719682 /* PBXContainerItemProxy */ = {
			isa = PBXContainerItemProxy;
			containerPortal = FA24BB2E1ADF183A00719682 /* Project object */;
			proxyType = 1;
			remoteGlobalIDString = FA24BB351ADF183A00719682;
			remoteInfo = "Soundfonts-Demo";
		};
/* End PBXContainerItemProxy section */

/* Begin PBXFileReference section */
		FA24BB361ADF183A00719682 /* Soundfonts-Demo.app */ = {isa = PBXFileReference; explicitFileType = wrapper.application; includeInIndex = 0; path = "Soundfonts-Demo.app"; sourceTree = BUILT_PRODUCTS_DIR; };
		FA24BB3A1ADF183A00719682 /* Info.plist */ = {isa = PBXFileReference; lastKnownFileType = text.plist.xml; path = Info.plist; sourceTree = "<group>"; };
		FA24BB3B1ADF183A00719682 /* main.m */ = {isa = PBXFileReference; lastKnownFileType = sourcecode.c.objc; path = main.m; sourceTree = "<group>"; };
		FA24BB3D1ADF183A00719682 /* AppDelegate.h */ = {isa = PBXFileReference; lastKnownFileType = sourcecode.c.h; path = AppDelegate.h; sourceTree = "<group>"; };
		FA24BB3E1ADF183A00719682 /* AppDelegate.m */ = {isa = PBXFileReference; lastKnownFileType = sourcecode.c.objc; path = AppDelegate.m; sourceTree = "<group>"; };
		FA24BB401ADF183A00719682 /* ViewController.h */ = {isa = PBXFileReference; lastKnownFileType = sourcecode.c.h; path = ViewController.h; sourceTree = "<group>"; };
		FA24BB411ADF183A00719682 /* ViewController.m */ = {isa = PBXFileReference; lastKnownFileType = sourcecode.c.objc; path = ViewController.m; sourceTree = "<group>"; };
		FA24BB441ADF183A00719682 /* Base */ = {isa = PBXFileReference; lastKnownFileType = file.storyboard; name = Base; path = Base.lproj/Main.storyboard; sourceTree = "<group>"; };
		FA24BB461ADF183A00719682 /* Images.xcassets */ = {isa = PBXFileReference; lastKnownFileType = folder.assetcatalog; path = Images.xcassets; sourceTree = "<group>"; };
		FA24BB491ADF183A00719682 /* Base */ = {isa = PBXFileReference; lastKnownFileType = file.xib; name = Base; path = Base.lproj/LaunchScreen.xib; sourceTree = "<group>"; };
		FA24BB4F1ADF183A00719682 /* Soundfonts-DemoTests.xctest */ = {isa = PBXFileReference; explicitFileType = wrapper.cfbundle; includeInIndex = 0; path = "Soundfonts-DemoTests.xctest"; sourceTree = BUILT_PRODUCTS_DIR; };
		FA24BB541ADF183A00719682 /* Info.plist */ = {isa = PBXFileReference; lastKnownFileType = text.plist.xml; path = Info.plist; sourceTree = "<group>"; };
		FA24BB551ADF183A00719682 /* Soundfonts_DemoTests.m */ = {isa = PBXFileReference; lastKnownFileType = sourcecode.c.objc; path = Soundfonts_DemoTests.m; sourceTree = "<group>"; };
/* End PBXFileReference section */

/* Begin PBXFrameworksBuildPhase section */
		FA24BB331ADF183A00719682 /* Frameworks */ = {
			isa = PBXFrameworksBuildPhase;
			buildActionMask = 2147483647;
			files = (
			);
			runOnlyForDeploymentPostprocessing = 0;
		};
		FA24BB4C1ADF183A00719682 /* Frameworks */ = {
			isa = PBXFrameworksBuildPhase;
			buildActionMask = 2147483647;
			files = (
			);
			runOnlyForDeploymentPostprocessing = 0;
		};
/* End PBXFrameworksBuildPhase section */

/* Begin PBXGroup section */
		FA24BB2D1ADF183A00719682 = {
			isa = PBXGroup;
			children = (
				FA24BB381ADF183A00719682 /* Soundfonts-Demo */,
				FA24BB521ADF183A00719682 /* Soundfonts-DemoTests */,
				FA24BB371ADF183A00719682 /* Products */,
			);
			sourceTree = "<group>";
		};
		FA24BB371ADF183A00719682 /* Products */ = {
			isa = PBXGroup;
			children = (
				FA24BB361ADF183A00719682 /* Soundfonts-Demo.app */,
				FA24BB4F1ADF183A00719682 /* Soundfonts-DemoTests.xctest */,
			);
			name = Products;
			sourceTree = "<group>";
		};
		FA24BB381ADF183A00719682 /* Soundfonts-Demo */ = {
			isa = PBXGroup;
			children = (
				FA24BB3D1ADF183A00719682 /* AppDelegate.h */,
				FA24BB3E1ADF183A00719682 /* AppDelegate.m */,
				FA24BB401ADF183A00719682 /* ViewController.h */,
				FA24BB411ADF183A00719682 /* ViewController.m */,
				FA24BB431ADF183A00719682 /* Main.storyboard */,
				FA24BB461ADF183A00719682 /* Images.xcassets */,
				FA24BB481ADF183A00719682 /* LaunchScreen.xib */,
				FA24BB391ADF183A00719682 /* Supporting Files */,
			);
			path = "Soundfonts-Demo";
			sourceTree = "<group>";
		};
		FA24BB391ADF183A00719682 /* Supporting Files */ = {
			isa = PBXGroup;
			children = (
				FA24BB3A1ADF183A00719682 /* Info.plist */,
				FA24BB3B1ADF183A00719682 /* main.m */,
			);
			name = "Supporting Files";
			sourceTree = "<group>";
		};
		FA24BB521ADF183A00719682 /* Soundfonts-DemoTests */ = {
			isa = PBXGroup;
			children = (
				FA24BB551ADF183A00719682 /* Soundfonts_DemoTests.m */,
				FA24BB531ADF183A00719682 /* Supporting Files */,
			);
			path = "Soundfonts-DemoTests";
			sourceTree = "<group>";
		};
		FA24BB531ADF183A00719682 /* Supporting Files */ = {
			isa = PBXGroup;
			children = (
				FA24BB541ADF183A00719682 /* Info.plist */,
			);
			name = "Supporting Files";
			sourceTree = "<group>";
		};
/* End PBXGroup section */

/* Begin PBXNativeTarget section */
		FA24BB351ADF183A00719682 /* Soundfonts-Demo */ = {
			isa = PBXNativeTarget;
			buildConfigurationList = FA24BB591ADF183A00719682 /* Build configuration list for PBXNativeTarget "Soundfonts-Demo" */;
			buildPhases = (
				FA24BB321ADF183A00719682 /* Sources */,
				FA24BB331ADF183A00719682 /* Frameworks */,
				FA24BB341ADF183A00719682 /* Resources */,
			);
			buildRules = (
			);
			dependencies = (
			);
			name = "Soundfonts-Demo";
			productName = "Soundfonts-Demo";
			productReference = FA24BB361ADF183A00719682 /* Soundfonts-Demo.app */;
			productType = "com.apple.product-type.application";
		};
		FA24BB4E1ADF183A00719682 /* Soundfonts-DemoTests */ = {
			isa = PBXNativeTarget;
			buildConfigurationList = FA24BB5C1ADF183A00719682 /* Build configuration list for PBXNativeTarget "Soundfonts-DemoTests" */;
			buildPhases = (
				FA24BB4B1ADF183A00719682 /* Sources */,
				FA24BB4C1ADF183A00719682 /* Frameworks */,
				FA24BB4D1ADF183A00719682 /* Resources */,
			);
			buildRules = (
			);
			dependencies = (
				FA24BB511ADF183A00719682 /* PBXTargetDependency */,
			);
			name = "Soundfonts-DemoTests";
			productName = "Soundfonts-DemoTests";
			productReference = FA24BB4F1ADF183A00719682 /* Soundfonts-DemoTests.xctest */;
			productType = "com.apple.product-type.bundle.unit-test";
		};
/* End PBXNativeTarget section */

/* Begin PBXProject section */
		FA24BB2E1ADF183A00719682 /* Project object */ = {
			isa = PBXProject;
			attributes = {
				LastUpgradeCheck = 0610;
				ORGANIZATIONNAME = "Intrinsic Audio";
				TargetAttributes = {
					FA24BB351ADF183A00719682 = {
						CreatedOnToolsVersion = 6.1.1;
					};
					FA24BB4E1ADF183A00719682 = {
						CreatedOnToolsVersion = 6.1.1;
						TestTargetID = FA24BB351ADF183A00719682;
					};
				};
			};
			buildConfigurationList = FA24BB311ADF183A00719682 /* Build configuration list for PBXProject "Soundfonts-Demo" */;
			compatibilityVersion = "Xcode 3.2";
			developmentRegion = English;
			hasScannedForEncodings = 0;
			knownRegions = (
				en,
				Base,
			);
			mainGroup = FA24BB2D1ADF183A00719682;
			productRefGroup = FA24BB371ADF183A00719682 /* Products */;
			projectDirPath = "";
			projectRoot = "";
			targets = (
				FA24BB351ADF183A00719682 /* Soundfonts-Demo */,
				FA24BB4E1ADF183A00719682 /* Soundfonts-DemoTests */,
			);
		};
/* End PBXProject section */

/* Begin PBXResourcesBuildPhase section */
		FA24BB341ADF183A00719682 /* Resources */ = {
			isa = PBXResourcesBuildPhase;
			buildActionMask = 2147483647;
			files = (
				FA24BB451ADF183A00719682 /* Main.storyboard in Resources */,
				FA24BB4A1ADF183A00719682 /* LaunchScreen.xib in Resources */,
				FA24BB471ADF183A00719682 /* Images.xcassets in Resources */,
			);
			runOnlyForDeploymentPostprocessing = 0;
		};
		FA24BB4D1ADF183A00719682 /* Resources */ = {
			isa = PBXResourcesBuildPhase;
			buildActionMask = 2147483647;
			files = (
			);
			runOnlyForDeploymentPostprocessing = 0;
		};
/* End PBXResourcesBuildPhase section */

/* Begin PBXSourcesBuildPhase section */
		FA24BB321ADF183A00719682 /* Sources */ = {
			isa = PBXSourcesBuildPhase;
			buildActionMask = 2147483647;
			files = (
				FA24BB421ADF183A00719682 /* ViewController.m in Sources */,
				FA24BB3F1ADF183A00719682 /* AppDelegate.m in Sources */,
				FA24BB3C1ADF183A00719682 /* main.m in Sources */,
			);
			runOnlyForDeploymentPostprocessing = 0;
		};
		FA24BB4B1ADF183A00719682 /* Sources */ = {
			isa = PBXSourcesBuildPhase;
			buildActionMask = 2147483647;
			files = (
				FA24BB561ADF183A00719682 /* Soundfonts_DemoTests.m in Sources */,
			);
			runOnlyForDeploymentPostprocessing = 0;
		};
/* End PBXSourcesBuildPhase section */

/* Begin PBXTargetDependency section */
		FA24BB511ADF183A00719682 /* PBXTargetDependency */ = {
			isa = PBXTargetDependency;
			target = FA24BB351ADF183A00719682 /* Soundfonts-Demo */;
			targetProxy = FA24BB501ADF183A00719682 /* PBXContainerItemProxy */;
		};
/* End PBXTargetDependency section */

/* Begin PBXVariantGroup section */
		FA24BB431ADF183A00719682 /* Main.storyboard */ = {
			isa = PBXVariantGroup;
			children = (
				FA24BB441ADF183A00719682 /* Base */,
			);
			name = Main.storyboard;
			sourceTree = "<group>";
		};
		FA24BB481ADF183A00719682 /* LaunchScreen.xib */ = {
			isa = PBXVariantGroup;
			children = (
				FA24BB491ADF183A00719682 /* Base */,
			);
			name = LaunchScreen.xib;
			sourceTree = "<group>";
		};
/* End PBXVariantGroup section */

/* Begin XCBuildConfiguration section */
		FA24BB571ADF183A00719682 /* Debug */ = {
			isa = XCBuildConfiguration;
			buildSettings = {
				ALWAYS_SEARCH_USER_PATHS = NO;
				CLANG_CXX_LANGUAGE_STANDARD = "gnu++0x";
				CLANG_CXX_LIBRARY = "libc++";
				CLANG_ENABLE_MODULES = YES;
				CLANG_ENABLE_OBJC_ARC = YES;
				CLANG_WARN_BOOL_CONVERSION = YES;
				CLANG_WARN_CONSTANT_CONVERSION = YES;
				CLANG_WARN_DIRECT_OBJC_ISA_USAGE = YES_ERROR;
				CLANG_WARN_EMPTY_BODY = YES;
				CLANG_WARN_ENUM_CONVERSION = YES;
				CLANG_WARN_INT_CONVERSION = YES;
				CLANG_WARN_OBJC_ROOT_CLASS = YES_ERROR;
				CLANG_WARN_UNREACHABLE_CODE = YES;
				CLANG_WARN__DUPLICATE_METHOD_MATCH = YES;
				"CODE_SIGN_IDENTITY[sdk=iphoneos*]" = "iPhone Developer";
				COPY_PHASE_STRIP = NO;
				ENABLE_STRICT_OBJC_MSGSEND = YES;
				GCC_C_LANGUAGE_STANDARD = gnu99;
				GCC_DYNAMIC_NO_PIC = NO;
				GCC_OPTIMIZATION_LEVEL = 0;
				GCC_PREPROCESSOR_DEFINITIONS = (
					"DEBUG=1",
					"$(inherited)",
				);
				GCC_SYMBOLS_PRIVATE_EXTERN = NO;
				GCC_WARN_64_TO_32_BIT_CONVERSION = YES;
				GCC_WARN_ABOUT_RETURN_TYPE = YES_ERROR;
				GCC_WARN_UNDECLARED_SELECTOR = YES;
				GCC_WARN_UNINITIALIZED_AUTOS = YES_AGGRESSIVE;
				GCC_WARN_UNUSED_FUNCTION = YES;
				GCC_WARN_UNUSED_VARIABLE = YES;
				IPHONEOS_DEPLOYMENT_TARGET = 8.1;
				MTL_ENABLE_DEBUG_INFO = YES;
				ONLY_ACTIVE_ARCH = YES;
				SDKROOT = iphoneos;
				TARGETED_DEVICE_FAMILY = "1,2";
			};
			name = Debug;
		};
		FA24BB581ADF183A00719682 /* Release */ = {
			isa = XCBuildConfiguration;
			buildSettings = {
				ALWAYS_SEARCH_USER_PATHS = NO;
				CLANG_CXX_LANGUAGE_STANDARD = "gnu++0x";
				CLANG_CXX_LIBRARY = "libc++";
				CLANG_ENABLE_MODULES = YES;
				CLANG_ENABLE_OBJC_ARC = YES;
				CLANG_WARN_BOOL_CONVERSION = YES;
				CLANG_WARN_CONSTANT_CONVERSION = YES;
				CLANG_WARN_DIRECT_OBJC_ISA_USAGE = YES_ERROR;
				CLANG_WARN_EMPTY_BODY = YES;
				CLANG_WARN_ENUM_CONVERSION = YES;
				CLANG_WARN_INT_CONVERSION = YES;
				CLANG_WARN_OBJC_ROOT_CLASS = YES_ERROR;
				CLANG_WARN_UNREACHABLE_CODE = YES;
				CLANG_WARN__DUPLICATE_METHOD_MATCH = YES;
				"CODE_SIGN_IDENTITY[sdk=iphoneos*]" = "iPhone Developer";
				COPY_PHASE_STRIP = YES;
				ENABLE_NS_ASSERTIONS = NO;
				ENABLE_STRICT_OBJC_MSGSEND = YES;
				GCC_C_LANGUAGE_STANDARD = gnu99;
				GCC_WARN_64_TO_32_BIT_CONVERSION = YES;
				GCC_WARN_ABOUT_RETURN_TYPE = YES_ERROR;
				GCC_WARN_UNDECLARED_SELECTOR = YES;
				GCC_WARN_UNINITIALIZED_AUTOS = YES_AGGRESSIVE;
				GCC_WARN_UNUSED_FUNCTION = YES;
				GCC_WARN_UNUSED_VARIABLE = YES;
				IPHONEOS_DEPLOYMENT_TARGET = 8.1;
				MTL_ENABLE_DEBUG_INFO = NO;
				SDKROOT = iphoneos;
				TARGETED_DEVICE_FAMILY = "1,2";
				VALIDATE_PRODUCT = YES;
			};
			name = Release;
		};
		FA24BB5A1ADF183A00719682 /* Debug */ = {
			isa = XCBuildConfiguration;
			buildSettings = {
				ASSETCATALOG_COMPILER_APPICON_NAME = AppIcon;
				INFOPLIST_FILE = "Soundfonts-Demo/Info.plist";
				LD_RUNPATH_SEARCH_PATHS = "$(inherited) @executable_path/Frameworks";
				PRODUCT_NAME = "$(TARGET_NAME)";
			};
			name = Debug;
		};
		FA24BB5B1ADF183A00719682 /* Release */ = {
			isa = XCBuildConfiguration;
			buildSettings = {
				ASSETCATALOG_COMPILER_APPICON_NAME = AppIcon;
				INFOPLIST_FILE = "Soundfonts-Demo/Info.plist";
				LD_RUNPATH_SEARCH_PATHS = "$(inherited) @executable_path/Frameworks";
				PRODUCT_NAME = "$(TARGET_NAME)";
			};
			name = Release;
		};
		FA24BB5D1ADF183A00719682 /* Debug */ = {
			isa = XCBuildConfiguration;
			buildSettings = {
				BUNDLE_LOADER = "$(TEST_HOST)";
				FRAMEWORK_SEARCH_PATHS = (
					"$(SDKROOT)/Developer/Library/Frameworks",
					"$(inherited)",
				);
				GCC_PREPROCESSOR_DEFINITIONS = (
					"DEBUG=1",
					"$(inherited)",
				);
				INFOPLIST_FILE = "Soundfonts-DemoTests/Info.plist";
				LD_RUNPATH_SEARCH_PATHS = "$(inherited) @executable_path/Frameworks @loader_path/Frameworks";
				PRODUCT_NAME = "$(TARGET_NAME)";
				TEST_HOST = "$(BUILT_PRODUCTS_DIR)/Soundfonts-Demo.app/Soundfonts-Demo";
			};
			name = Debug;
		};
		FA24BB5E1ADF183A00719682 /* Release */ = {
			isa = XCBuildConfiguration;
			buildSettings = {
				BUNDLE_LOADER = "$(TEST_HOST)";
				FRAMEWORK_SEARCH_PATHS = (
					"$(SDKROOT)/Developer/Library/Frameworks",
					"$(inherited)",
				);
				INFOPLIST_FILE = "Soundfonts-DemoTests/Info.plist";
				LD_RUNPATH_SEARCH_PATHS = "$(inherited) @executable_path/Frameworks @loader_path/Frameworks";
				PRODUCT_NAME = "$(TARGET_NAME)";
				TEST_HOST = "$(BUILT_PRODUCTS_DIR)/Soundfonts-Demo.app/Soundfonts-Demo";
			};
			name = Release;
		};
/* End XCBuildConfiguration section */

/* Begin XCConfigurationList section */
		FA24BB311ADF183A00719682 /* Build configuration list for PBXProject "Soundfonts-Demo" */ = {
			isa = XCConfigurationList;
			buildConfigurations = (
				FA24BB571ADF183A00719682 /* Debug */,
				FA24BB581ADF183A00719682 /* Release */,
			);
			defaultConfigurationIsVisible = 0;
			defaultConfigurationName = Release;
		};
		FA24BB591ADF183A00719682 /* Build configuration list for PBXNativeTarget "Soundfonts-Demo" */ = {
			isa = XCConfigurationList;
			buildConfigurations = (
				FA24BB5A1ADF183A00719682 /* Debug */,
				FA24BB5B1ADF183A00719682 /* Release */,
			);
			defaultConfigurationIsVisible = 0;
		};
		FA24BB5C1ADF183A00719682 /* Build configuration list for PBXNativeTarget "Soundfonts-DemoTests" */ = {
			isa = XCConfigurationList;
			buildConfigurations = (
				FA24BB5D1ADF183A00719682 /* Debug */,
				FA24BB5E1ADF183A00719682 /* Release */,
			);
			defaultConfigurationIsVisible = 0;
		};
/* End XCConfigurationList section */
	};
	rootObject = FA24BB2E1ADF183A00719682 /* Project object */;
}
